
Microsoft Visual Studio Solution File, Format Version 12.00
# Visual Studio Version 16
VisualStudioVersion = 16.0.31702.278
MinimumVisualStudioVersion = 10.0.40219.1
Project("{FAE04EC0-301F-11D3-BF4B-00C04F79EFBC}") = "Olakusibe.AzureFunctions.RequeueItems", "Olakusibe.AzureFunctions.RequeueItems.csproj", "{69F05782-403A-4121-8789-CA1B7F969355}"
EndProject
Global
	GlobalSection(SolutionConfigurationPlatforms) = preSolution
		Debug|Any CPU = Debug|Any CPU
		Release|Any CPU = Release|Any CPU
	EndGlobalSection
	GlobalSection(ProjectConfigurationPlatforms) = postSolution
		{69F05782-403A-4121-8789-CA1B7F969355}.Debug|Any CPU.ActiveCfg = Debug|Any CPU
		{69F05782-403A-4121-8789-CA1B7F969355}.Debug|Any CPU.Build.0 = Debug|Any CPU
		{69F05782-403A-4121-8789-CA1B7F969355}.Release|Any CPU.ActiveCfg = Release|Any CPU
		{69F05782-403A-4121-8789-CA1B7F969355}.Release|Any CPU.Build.0 = Release|Any CPU
	EndGlobalSection
	GlobalSection(SolutionProperties) = preSolution
		HideSolutionNode = FALSE
	EndGlobalSection
	GlobalSection(ExtensibilityGlobals) = postSolution
		SolutionGuid = {150A759C-898F-4C03-AF62-81F39D358EE4}
	EndGlobalSection
EndGlobal
